
Microsoft Visual Studio Solution File, Format Version 12.00
# Visual Studio 15
VisualStudioVersion = 15.0.28307.271
MinimumVisualStudioVersion = 10.0.40219.1
Project("{FAE04EC0-301F-11D3-BF4B-00C04F79EFBC}") = "tty.board", "tty.board\tty.board.csproj", "{E6928341-B393-4271-B2DB-ED25195E7ED3}"
EndProject
Project("{FAE04EC0-301F-11D3-BF4B-00C04F79EFBC}") = "tty.com", "tty.com\tty.com.csproj", "{CF17BD99-9115-4DCB-A6A1-2D34108706FF}"
EndProject
Global
	GlobalSection(SolutionConfigurationPlatforms) = preSolution
		Debug|Any CPU = Debug|Any CPU
		Release|Any CPU = Release|Any CPU
	EndGlobalSection
	GlobalSection(ProjectConfigurationPlatforms) = postSolution
		{E6928341-B393-4271-B2DB-ED25195E7ED3}.Debug|Any CPU.ActiveCfg = Debug|Any CPU
		{E6928341-B393-4271-B2DB-ED25195E7ED3}.Debug|Any CPU.Build.0 = Debug|Any CPU
		{E6928341-B393-4271-B2DB-ED25195E7ED3}.Release|Any CPU.ActiveCfg = Release|Any CPU
		{E6928341-B393-4271-B2DB-ED25195E7ED3}.Release|Any CPU.Build.0 = Release|Any CPU
		{CF17BD99-9115-4DCB-A6A1-2D34108706FF}.Debug|Any CPU.ActiveCfg = Debug|Any CPU
		{CF17BD99-9115-4DCB-A6A1-2D34108706FF}.Debug|Any CPU.Build.0 = Debug|Any CPU
		{CF17BD99-9115-4DCB-A6A1-2D34108706FF}.Release|Any CPU.ActiveCfg = Release|Any CPU
		{CF17BD99-9115-4DCB-A6A1-2D34108706FF}.Release|Any CPU.Build.0 = Release|Any CPU
	EndGlobalSection
	GlobalSection(SolutionProperties) = preSolution
		HideSolutionNode = FALSE
	EndGlobalSection
	GlobalSection(ExtensibilityGlobals) = postSolution
		SolutionGuid = {EA93B609-F06A-4990-85DD-7F9E136D366C}
	EndGlobalSection
EndGlobal
